
Microsoft Visual Studio Solution File, Format Version 12.00
# Visual Studio Version 17
VisualStudioVersion = 17.5.33516.290
MinimumVisualStudioVersion = 10.0.40219.1
Project("{9A19103F-16F7-4668-BE54-9A1E7A4F7556}") = "RepHolerite", "RepHolerite\RepHolerite.csproj", "{6BFD5B6F-7A73-4FBE-A522-5D8812ABD590}"
EndProject
Global
	GlobalSection(SolutionConfigurationPlatforms) = preSolution
		Debug|Any CPU = Debug|Any CPU
		Release|Any CPU = Release|Any CPU
	EndGlobalSection
	GlobalSection(ProjectConfigurationPlatforms) = postSolution
		{6BFD5B6F-7A73-4FBE-A522-5D8812ABD590}.Debug|Any CPU.ActiveCfg = Debug|Any CPU
		{6BFD5B6F-7A73-4FBE-A522-5D8812ABD590}.Debug|Any CPU.Build.0 = Debug|Any CPU
		{6BFD5B6F-7A73-4FBE-A522-5D8812ABD590}.Release|Any CPU.ActiveCfg = Release|Any CPU
		{6BFD5B6F-7A73-4FBE-A522-5D8812ABD590}.Release|Any CPU.Build.0 = Release|Any CPU
	EndGlobalSection
	GlobalSection(SolutionProperties) = preSolution
		HideSolutionNode = FALSE
	EndGlobalSection
	GlobalSection(ExtensibilityGlobals) = postSolution
		SolutionGuid = {E4A8C8EE-6CDC-4CD5-90F0-B67084A0749E}
	EndGlobalSection
EndGlobal
